// !$*UTF8*$!
{
	archiveVersion = 1;
	classes = {
	};
	objectVersion = 46;
	objects = {

/* Begin PBXBuildFile section */
		680D527D12FB6487590BAA34 /* libPods.a in Frameworks */ = {isa = PBXBuildFile; fileRef = 4757F732F8D69CADBF589CAF /* libPods.a */; };
		901397441A6F336100DE5F90 /* FirVersionModel.m in Sources */ = {isa = PBXBuildFile; fileRef = 901397431A6F336100DE5F90 /* FirVersionModel.m */; };
		9020FDA41A6E321C007C07E9 /* main.m in Sources */ = {isa = PBXBuildFile; fileRef = 9020FDA31A6E321C007C07E9 /* main.m */; };
		9020FDA71A6E321C007C07E9 /* AppDelegate.m in Sources */ = {isa = PBXBuildFile; fileRef = 9020FDA61A6E321C007C07E9 /* AppDelegate.m */; };
		9020FDAA1A6E321C007C07E9 /* ViewController.m in Sources */ = {isa = PBXBuildFile; fileRef = 9020FDA91A6E321C007C07E9 /* ViewController.m */; };
		9020FDAD1A6E321C007C07E9 /* Main.storyboard in Resources */ = {isa = PBXBuildFile; fileRef = 9020FDAB1A6E321C007C07E9 /* Main.storyboard */; };
		9020FDAF1A6E321C007C07E9 /* Images.xcassets in Resources */ = {isa = PBXBuildFile; fileRef = 9020FDAE1A6E321C007C07E9 /* Images.xcassets */; };
		9020FDB21A6E321C007C07E9 /* LaunchScreen.xib in Resources */ = {isa = PBXBuildFile; fileRef = 9020FDB01A6E321C007C07E9 /* LaunchScreen.xib */; };
		9020FDBE1A6E321C007C07E9 /* VersionCompareTests.m in Sources */ = {isa = PBXBuildFile; fileRef = 9020FDBD1A6E321C007C07E9 /* VersionCompareTests.m */; };
		9020FDC91A6E3236007C07E9 /* FirVersionCompare.m in Sources */ = {isa = PBXBuildFile; fileRef = 9020FDC81A6E3236007C07E9 /* FirVersionCompare.m */; };
/* End PBXBuildFile section */

/* Begin PBXContainerItemProxy section */
		9020FDB81A6E321C007C07E9 /* PBXContainerItemProxy */ = {
			isa = PBXContainerItemProxy;
			containerPortal = 9020FD961A6E321C007C07E9 /* Project object */;
			proxyType = 1;
			remoteGlobalIDString = 9020FD9D1A6E321C007C07E9;
			remoteInfo = VersionCompare;
		};
/* End PBXContainerItemProxy section */

/* Begin PBXFileReference section */
		4757F732F8D69CADBF589CAF /* libPods.a */ = {isa = PBXFileReference; explicitFileType = archive.ar; includeInIndex = 0; path = libPods.a; sourceTree = BUILT_PRODUCTS_DIR; };
		5AEF5B57F42A251EAF706F12 /* Pods.debug.xcconfig */ = {isa = PBXFileReference; includeInIndex = 1; lastKnownFileType = text.xcconfig; name = Pods.debug.xcconfig; path = "Pods/Target Support Files/Pods/Pods.debug.xcconfig"; sourceTree = "<group>"; };
		901397421A6F336100DE5F90 /* FirVersionModel.h */ = {isa = PBXFileReference; fileEncoding = 4; lastKnownFileType = sourcecode.c.h; path = FirVersionModel.h; sourceTree = "<group>"; };
		901397431A6F336100DE5F90 /* FirVersionModel.m */ = {isa = PBXFileReference; fileEncoding = 4; lastKnownFileType = sourcecode.c.objc; path = FirVersionModel.m; sourceTree = "<group>"; };
		9020FD9E1A6E321C007C07E9 /* VersionCompare.app */ = {isa = PBXFileReference; explicitFileType = wrapper.application; includeInIndex = 0; path = VersionCompare.app; sourceTree = BUILT_PRODUCTS_DIR; };
		9020FDA21A6E321C007C07E9 /* Info.plist */ = {isa = PBXFileReference; lastKnownFileType = text.plist.xml; path = Info.plist; sourceTree = "<group>"; };
		9020FDA31A6E321C007C07E9 /* main.m */ = {isa = PBXFileReference; lastKnownFileType = sourcecode.c.objc; path = main.m; sourceTree = "<group>"; };
		9020FDA51A6E321C007C07E9 /* AppDelegate.h */ = {isa = PBXFileReference; lastKnownFileType = sourcecode.c.h; path = AppDelegate.h; sourceTree = "<group>"; };
		9020FDA61A6E321C007C07E9 /* AppDelegate.m */ = {isa = PBXFileReference; lastKnownFileType = sourcecode.c.objc; path = AppDelegate.m; sourceTree = "<group>"; };
		9020FDA81A6E321C007C07E9 /* ViewController.h */ = {isa = PBXFileReference; lastKnownFileType = sourcecode.c.h; path = ViewController.h; sourceTree = "<group>"; };
		9020FDA91A6E321C007C07E9 /* ViewController.m */ = {isa = PBXFileReference; lastKnownFileType = sourcecode.c.objc; path = ViewController.m; sourceTree = "<group>"; };
		9020FDAC1A6E321C007C07E9 /* Base */ = {isa = PBXFileReference; lastKnownFileType = file.storyboard; name = Base; path = Base.lproj/Main.storyboard; sourceTree = "<group>"; };
		9020FDAE1A6E321C007C07E9 /* Images.xcassets */ = {isa = PBXFileReference; lastKnownFileType = folder.assetcatalog; path = Images.xcassets; sourceTree = "<group>"; };
		9020FDB11A6E321C007C07E9 /* Base */ = {isa = PBXFileReference; lastKnownFileType = file.xib; name = Base; path = Base.lproj/LaunchScreen.xib; sourceTree = "<group>"; };
		9020FDB71A6E321C007C07E9 /* VersionCompareTests.xctest */ = {isa = PBXFileReference; explicitFileType = wrapper.cfbundle; includeInIndex = 0; path = VersionCompareTests.xctest; sourceTree = BUILT_PRODUCTS_DIR; };
		9020FDBC1A6E321C007C07E9 /* Info.plist */ = {isa = PBXFileReference; lastKnownFileType = text.plist.xml; path = Info.plist; sourceTree = "<group>"; };
		9020FDBD1A6E321C007C07E9 /* VersionCompareTests.m */ = {isa = PBXFileReference; lastKnownFileType = sourcecode.c.objc; path = VersionCompareTests.m; sourceTree = "<group>"; };
		9020FDC71A6E3236007C07E9 /* FirVersionCompare.h */ = {isa = PBXFileReference; fileEncoding = 4; lastKnownFileType = sourcecode.c.h; path = FirVersionCompare.h; sourceTree = "<group>"; };
		9020FDC81A6E3236007C07E9 /* FirVersionCompare.m */ = {isa = PBXFileReference; fileEncoding = 4; lastKnownFileType = sourcecode.c.objc; path = FirVersionCompare.m; sourceTree = "<group>"; };
		E307F7A31D8A63076175D2B6 /* Pods.release.xcconfig */ = {isa = PBXFileReference; includeInIndex = 1; lastKnownFileType = text.xcconfig; name = Pods.release.xcconfig; path = "Pods/Target Support Files/Pods/Pods.release.xcconfig"; sourceTree = "<group>"; };
/* End PBXFileReference section */

/* Begin PBXFrameworksBuildPhase section */
		9020FD9B1A6E321C007C07E9 /* Frameworks */ = {
			isa = PBXFrameworksBuildPhase;
			buildActionMask = 2147483647;
			files = (
				680D527D12FB6487590BAA34 /* libPods.a in Frameworks */,
			);
			runOnlyForDeploymentPostprocessing = 0;
		};
		9020FDB41A6E321C007C07E9 /* Frameworks */ = {
			isa = PBXFrameworksBuildPhase;
			buildActionMask = 2147483647;
			files = (
			);
			runOnlyForDeploymentPostprocessing = 0;
		};
/* End PBXFrameworksBuildPhase section */

/* Begin PBXGroup section */
		3E72CA7D6C5FF008F4C9D85F /* Frameworks */ = {
			isa = PBXGroup;
			children = (
				4757F732F8D69CADBF589CAF /* libPods.a */,
			);
			name = Frameworks;
			sourceTree = "<group>";
		};
		901397451A6F3C9F00DE5F90 /* Fir */ = {
			isa = PBXGroup;
			children = (
			);
			name = Fir;
			sourceTree = "<group>";
		};
		9020FD951A6E321C007C07E9 = {
			isa = PBXGroup;
			children = (
				9020FDA01A6E321C007C07E9 /* VersionCompare */,
				9020FDBA1A6E321C007C07E9 /* VersionCompareTests */,
				9020FD9F1A6E321C007C07E9 /* Products */,
				EEEDB2BE767BE5E641B972AE /* Pods */,
				3E72CA7D6C5FF008F4C9D85F /* Frameworks */,
			);
			sourceTree = "<group>";
		};
		9020FD9F1A6E321C007C07E9 /* Products */ = {
			isa = PBXGroup;
			children = (
				9020FD9E1A6E321C007C07E9 /* VersionCompare.app */,
				9020FDB71A6E321C007C07E9 /* VersionCompareTests.xctest */,
			);
			name = Products;
			sourceTree = "<group>";
		};
		9020FDA01A6E321C007C07E9 /* VersionCompare */ = {
			isa = PBXGroup;
			children = (
				9020FDA51A6E321C007C07E9 /* AppDelegate.h */,
				9020FDA61A6E321C007C07E9 /* AppDelegate.m */,
				9020FDA81A6E321C007C07E9 /* ViewController.h */,
				9020FDA91A6E321C007C07E9 /* ViewController.m */,
				9020FDC71A6E3236007C07E9 /* FirVersionCompare.h */,
				9020FDC81A6E3236007C07E9 /* FirVersionCompare.m */,
				901397421A6F336100DE5F90 /* FirVersionModel.h */,
				901397451A6F3C9F00DE5F90 /* Fir */,
				901397431A6F336100DE5F90 /* FirVersionModel.m */,
				9020FDAB1A6E321C007C07E9 /* Main.storyboard */,
				9020FDAE1A6E321C007C07E9 /* Images.xcassets */,
				9020FDB01A6E321C007C07E9 /* LaunchScreen.xib */,
				9020FDA11A6E321C007C07E9 /* Supporting Files */,
			);
			path = VersionCompare;
			sourceTree = "<group>";
		};
		9020FDA11A6E321C007C07E9 /* Supporting Files */ = {
			isa = PBXGroup;
			children = (
				9020FDA21A6E321C007C07E9 /* Info.plist */,
				9020FDA31A6E321C007C07E9 /* main.m */,
			);
			name = "Supporting Files";
			sourceTree = "<group>";
		};
		9020FDBA1A6E321C007C07E9 /* VersionCompareTests */ = {
			isa = PBXGroup;
			children = (
				9020FDBD1A6E321C007C07E9 /* VersionCompareTests.m */,
				9020FDBB1A6E321C007C07E9 /* Supporting Files */,
			);
			path = VersionCompareTests;
			sourceTree = "<group>";
		};
		9020FDBB1A6E321C007C07E9 /* Supporting Files */ = {
			isa = PBXGroup;
			children = (
				9020FDBC1A6E321C007C07E9 /* Info.plist */,
			);
			name = "Supporting Files";
			sourceTree = "<group>";
		};
		EEEDB2BE767BE5E641B972AE /* Pods */ = {
			isa = PBXGroup;
			children = (
				5AEF5B57F42A251EAF706F12 /* Pods.debug.xcconfig */,
				E307F7A31D8A63076175D2B6 /* Pods.release.xcconfig */,
			);
			name = Pods;
			sourceTree = "<group>";
		};
/* End PBXGroup section */

/* Begin PBXNativeTarget section */
		9020FD9D1A6E321C007C07E9 /* VersionCompare */ = {
			isa = PBXNativeTarget;
			buildConfigurationList = 9020FDC11A6E321C007C07E9 /* Build configuration list for PBXNativeTarget "VersionCompare" */;
			buildPhases = (
				3C5FEB3CA98A02A0534B775C /* Check Pods Manifest.lock */,
				9020FD9A1A6E321C007C07E9 /* Sources */,
				9020FD9B1A6E321C007C07E9 /* Frameworks */,
				9020FD9C1A6E321C007C07E9 /* Resources */,
				DDB117C6A65A3D7E932B1BBE /* Copy Pods Resources */,
			);
			buildRules = (
			);
			dependencies = (
			);
			name = VersionCompare;
			productName = VersionCompare;
			productReference = 9020FD9E1A6E321C007C07E9 /* VersionCompare.app */;
			productType = "com.apple.product-type.application";
		};
		9020FDB61A6E321C007C07E9 /* VersionCompareTests */ = {
			isa = PBXNativeTarget;
			buildConfigurationList = 9020FDC41A6E321C007C07E9 /* Build configuration list for PBXNativeTarget "VersionCompareTests" */;
			buildPhases = (
				9020FDB31A6E321C007C07E9 /* Sources */,
				9020FDB41A6E321C007C07E9 /* Frameworks */,
				9020FDB51A6E321C007C07E9 /* Resources */,
			);
			buildRules = (
			);
			dependencies = (
				9020FDB91A6E321C007C07E9 /* PBXTargetDependency */,
			);
			name = VersionCompareTests;
			productName = VersionCompareTests;
			productReference = 9020FDB71A6E321C007C07E9 /* VersionCompareTests.xctest */;
			productType = "com.apple.product-type.bundle.unit-test";
		};
/* End PBXNativeTarget section */

/* Begin PBXProject section */
		9020FD961A6E321C007C07E9 /* Project object */ = {
			isa = PBXProject;
			attributes = {
				LastUpgradeCheck = 0610;
				ORGANIZATIONNAME = huaban;
				TargetAttributes = {
					9020FD9D1A6E321C007C07E9 = {
						CreatedOnToolsVersion = 6.1.1;
					};
					9020FDB61A6E321C007C07E9 = {
						CreatedOnToolsVersion = 6.1.1;
						TestTargetID = 9020FD9D1A6E321C007C07E9;
					};
				};
			};
			buildConfigurationList = 9020FD991A6E321C007C07E9 /* Build configuration list for PBXProject "VersionCompare" */;
			compatibilityVersion = "Xcode 3.2";
			developmentRegion = English;
			hasScannedForEncodings = 0;
			knownRegions = (
				en,
				Base,
			);
			mainGroup = 9020FD951A6E321C007C07E9;
			productRefGroup = 9020FD9F1A6E321C007C07E9 /* Products */;
			projectDirPath = "";
			projectRoot = "";
			targets = (
				9020FD9D1A6E321C007C07E9 /* VersionCompare */,
				9020FDB61A6E321C007C07E9 /* VersionCompareTests */,
			);
		};
/* End PBXProject section */

/* Begin PBXResourcesBuildPhase section */
		9020FD9C1A6E321C007C07E9 /* Resources */ = {
			isa = PBXResourcesBuildPhase;
			buildActionMask = 2147483647;
			files = (
				9020FDAD1A6E321C007C07E9 /* Main.storyboard in Resources */,
				9020FDB21A6E321C007C07E9 /* LaunchScreen.xib in Resources */,
				9020FDAF1A6E321C007C07E9 /* Images.xcassets in Resources */,
			);
			runOnlyForDeploymentPostprocessing = 0;
		};
		9020FDB51A6E321C007C07E9 /* Resources */ = {
			isa = PBXResourcesBuildPhase;
			buildActionMask = 2147483647;
			files = (
			);
			runOnlyForDeploymentPostprocessing = 0;
		};
/* End PBXResourcesBuildPhase section */

/* Begin PBXShellScriptBuildPhase section */
		3C5FEB3CA98A02A0534B775C /* Check Pods Manifest.lock */ = {
			isa = PBXShellScriptBuildPhase;
			buildActionMask = 2147483647;
			files = (
			);
			inputPaths = (
			);
			name = "Check Pods Manifest.lock";
			outputPaths = (
			);
			runOnlyForDeploymentPostprocessing = 0;
			shellPath = /bin/sh;
			shellScript = "diff \"${PODS_ROOT}/../Podfile.lock\" \"${PODS_ROOT}/Manifest.lock\" > /dev/null\nif [[ $? != 0 ]] ; then\n    cat << EOM\nerror: The sandbox is not in sync with the Podfile.lock. Run 'pod install' or update your CocoaPods installation.\nEOM\n    exit 1\nfi\n";
			showEnvVarsInLog = 0;
		};
		DDB117C6A65A3D7E932B1BBE /* Copy Pods Resources */ = {
			isa = PBXShellScriptBuildPhase;
			buildActionMask = 2147483647;
			files = (
			);
			inputPaths = (
			);
			name = "Copy Pods Resources";
			outputPaths = (
			);
			runOnlyForDeploymentPostprocessing = 0;
			shellPath = /bin/sh;
			shellScript = "\"${SRCROOT}/Pods/Target Support Files/Pods/Pods-resources.sh\"\n";
			showEnvVarsInLog = 0;
		};
/* End PBXShellScriptBuildPhase section */

/* Begin PBXSourcesBuildPhase section */
		9020FD9A1A6E321C007C07E9 /* Sources */ = {
			isa = PBXSourcesBuildPhase;
			buildActionMask = 2147483647;
			files = (
				901397441A6F336100DE5F90 /* FirVersionModel.m in Sources */,
				9020FDC91A6E3236007C07E9 /* FirVersionCompare.m in Sources */,
				9020FDAA1A6E321C007C07E9 /* ViewController.m in Sources */,
				9020FDA71A6E321C007C07E9 /* AppDelegate.m in Sources */,
				9020FDA41A6E321C007C07E9 /* main.m in Sources */,
			);
			runOnlyForDeploymentPostprocessing = 0;
		};
		9020FDB31A6E321C007C07E9 /* Sources */ = {
			isa = PBXSourcesBuildPhase;
			buildActionMask = 2147483647;
			files = (
				9020FDBE1A6E321C007C07E9 /* VersionCompareTests.m in Sources */,
			);
			runOnlyForDeploymentPostprocessing = 0;
		};
/* End PBXSourcesBuildPhase section */

/* Begin PBXTargetDependency section */
		9020FDB91A6E321C007C07E9 /* PBXTargetDependency */ = {
			isa = PBXTargetDependency;
			target = 9020FD9D1A6E321C007C07E9 /* VersionCompare */;
			targetProxy = 9020FDB81A6E321C007C07E9 /* PBXContainerItemProxy */;
		};
/* End PBXTargetDependency section */

/* Begin PBXVariantGroup section */
		9020FDAB1A6E321C007C07E9 /* Main.storyboard */ = {
			isa = PBXVariantGroup;
			children = (
				9020FDAC1A6E321C007C07E9 /* Base */,
			);
			name = Main.storyboard;
			sourceTree = "<group>";
		};
		9020FDB01A6E321C007C07E9 /* LaunchScreen.xib */ = {
			isa = PBXVariantGroup;
			children = (
				9020FDB11A6E321C007C07E9 /* Base */,
			);
			name = LaunchScreen.xib;
			sourceTree = "<group>";
		};
/* End PBXVariantGroup section */

/* Begin XCBuildConfiguration section */
		9020FDBF1A6E321C007C07E9 /* Debug */ = {
			isa = XCBuildConfiguration;
			buildSettings = {
				ALWAYS_SEARCH_USER_PATHS = NO;
				CLANG_CXX_LANGUAGE_STANDARD = "gnu++0x";
				CLANG_CXX_LIBRARY = "libc++";
				CLANG_ENABLE_MODULES = YES;
				CLANG_ENABLE_OBJC_ARC = YES;
				CLANG_WARN_BOOL_CONVERSION = YES;
				CLANG_WARN_CONSTANT_CONVERSION = YES;
				CLANG_WARN_DIRECT_OBJC_ISA_USAGE = YES_ERROR;
				CLANG_WARN_EMPTY_BODY = YES;
				CLANG_WARN_ENUM_CONVERSION = YES;
				CLANG_WARN_INT_CONVERSION = YES;
				CLANG_WARN_OBJC_ROOT_CLASS = YES_ERROR;
				CLANG_WARN_UNREACHABLE_CODE = YES;
				CLANG_WARN__DUPLICATE_METHOD_MATCH = YES;
				"CODE_SIGN_IDENTITY[sdk=iphoneos*]" = "iPhone Developer";
				COPY_PHASE_STRIP = NO;
				ENABLE_STRICT_OBJC_MSGSEND = YES;
				GCC_C_LANGUAGE_STANDARD = gnu99;
				GCC_DYNAMIC_NO_PIC = NO;
				GCC_OPTIMIZATION_LEVEL = 0;
				GCC_PREPROCESSOR_DEFINITIONS = (
					"DEBUG=1",
					"$(inherited)",
				);
				GCC_SYMBOLS_PRIVATE_EXTERN = NO;
				GCC_WARN_64_TO_32_BIT_CONVERSION = YES;
				GCC_WARN_ABOUT_RETURN_TYPE = YES_ERROR;
				GCC_WARN_UNDECLARED_SELECTOR = YES;
				GCC_WARN_UNINITIALIZED_AUTOS = YES_AGGRESSIVE;
				GCC_WARN_UNUSED_FUNCTION = YES;
				GCC_WARN_UNUSED_VARIABLE = YES;
				IPHONEOS_DEPLOYMENT_TARGET = 8.1;
				MTL_ENABLE_DEBUG_INFO = YES;
				ONLY_ACTIVE_ARCH = YES;
				SDKROOT = iphoneos;
			};
			name = Debug;
		};
		9020FDC01A6E321C007C07E9 /* Release */ = {
			isa = XCBuildConfiguration;
			buildSettings = {
				ALWAYS_SEARCH_USER_PATHS = NO;
				CLANG_CXX_LANGUAGE_STANDARD = "gnu++0x";
				CLANG_CXX_LIBRARY = "libc++";
				CLANG_ENABLE_MODULES = YES;
				CLANG_ENABLE_OBJC_ARC = YES;
				CLANG_WARN_BOOL_CONVERSION = YES;
				CLANG_WARN_CONSTANT_CONVERSION = YES;
				CLANG_WARN_DIRECT_OBJC_ISA_USAGE = YES_ERROR;
				CLANG_WARN_EMPTY_BODY = YES;
				CLANG_WARN_ENUM_CONVERSION = YES;
				CLANG_WARN_INT_CONVERSION = YES;
				CLANG_WARN_OBJC_ROOT_CLASS = YES_ERROR;
				CLANG_WARN_UNREACHABLE_CODE = YES;
				CLANG_WARN__DUPLICATE_METHOD_MATCH = YES;
				"CODE_SIGN_IDENTITY[sdk=iphoneos*]" = "iPhone Developer";
				COPY_PHASE_STRIP = YES;
				ENABLE_NS_ASSERTIONS = NO;
				ENABLE_STRICT_OBJC_MSGSEND = YES;
				GCC_C_LANGUAGE_STANDARD = gnu99;
				GCC_WARN_64_TO_32_BIT_CONVERSION = YES;
				GCC_WARN_ABOUT_RETURN_TYPE = YES_ERROR;
				GCC_WARN_UNDECLARED_SELECTOR = YES;
				GCC_WARN_UNINITIALIZED_AUTOS = YES_AGGRESSIVE;
				GCC_WARN_UNUSED_FUNCTION = YES;
				GCC_WARN_UNUSED_VARIABLE = YES;
				IPHONEOS_DEPLOYMENT_TARGET = 8.1;
				MTL_ENABLE_DEBUG_INFO = NO;
				SDKROOT = iphoneos;
				VALIDATE_PRODUCT = YES;
			};
			name = Release;
		};
		9020FDC21A6E321C007C07E9 /* Debug */ = {
			isa = XCBuildConfiguration;
			baseConfigurationReference = 5AEF5B57F42A251EAF706F12 /* Pods.debug.xcconfig */;
			buildSettings = {
				ASSETCATALOG_COMPILER_APPICON_NAME = AppIcon;
				INFOPLIST_FILE = VersionCompare/Info.plist;
				IPHONEOS_DEPLOYMENT_TARGET = 7.0;
				LD_RUNPATH_SEARCH_PATHS = "$(inherited) @executable_path/Frameworks";
				PRODUCT_NAME = "$(TARGET_NAME)";
			};
			name = Debug;
		};
		9020FDC31A6E321C007C07E9 /* Release */ = {
			isa = XCBuildConfiguration;
			baseConfigurationReference = E307F7A31D8A63076175D2B6 /* Pods.release.xcconfig */;
			buildSettings = {
				ASSETCATALOG_COMPILER_APPICON_NAME = AppIcon;
				INFOPLIST_FILE = VersionCompare/Info.plist;
				IPHONEOS_DEPLOYMENT_TARGET = 7.0;
				LD_RUNPATH_SEARCH_PATHS = "$(inherited) @executable_path/Frameworks";
				PRODUCT_NAME = "$(TARGET_NAME)";
			};
			name = Release;
		};
		9020FDC51A6E321C007C07E9 /* Debug */ = {
			isa = XCBuildConfiguration;
			buildSettings = {
				BUNDLE_LOADER = "$(TEST_HOST)";
				FRAMEWORK_SEARCH_PATHS = (
					"$(SDKROOT)/Developer/Library/Frameworks",
					"$(inherited)",
				);
				GCC_PREPROCESSOR_DEFINITIONS = (
					"DEBUG=1",
					"$(inherited)",
				);
				INFOPLIST_FILE = VersionCompareTests/Info.plist;
				LD_RUNPATH_SEARCH_PATHS = "$(inherited) @executable_path/Frameworks @loader_path/Frameworks";
				PRODUCT_NAME = "$(TARGET_NAME)";
				TEST_HOST = "$(BUILT_PRODUCTS_DIR)/VersionCompare.app/VersionCompare";
			};
			name = Debug;
		};
		9020FDC61A6E321C007C07E9 /* Release */ = {
			isa = XCBuildConfiguration;
			buildSettings = {
				BUNDLE_LOADER = "$(TEST_HOST)";
				FRAMEWORK_SEARCH_PATHS = (
					"$(SDKROOT)/Developer/Library/Frameworks",
					"$(inherited)",
				);
				INFOPLIST_FILE = VersionCompareTests/Info.plist;
				LD_RUNPATH_SEARCH_PATHS = "$(inherited) @executable_path/Frameworks @loader_path/Frameworks";
				PRODUCT_NAME = "$(TARGET_NAME)";
				TEST_HOST = "$(BUILT_PRODUCTS_DIR)/VersionCompare.app/VersionCompare";
			};
			name = Release;
		};
/* End XCBuildConfiguration section */

/* Begin XCConfigurationList section */
		9020FD991A6E321C007C07E9 /* Build configuration list for PBXProject "VersionCompare" */ = {
			isa = XCConfigurationList;
			buildConfigurations = (
				9020FDBF1A6E321C007C07E9 /* Debug */,
				9020FDC01A6E321C007C07E9 /* Release */,
			);
			defaultConfigurationIsVisible = 0;
			defaultConfigurationName = Release;
		};
		9020FDC11A6E321C007C07E9 /* Build configuration list for PBXNativeTarget "VersionCompare" */ = {
			isa = XCConfigurationList;
			buildConfigurations = (
				9020FDC21A6E321C007C07E9 /* Debug */,
				9020FDC31A6E321C007C07E9 /* Release */,
			);
			defaultConfigurationIsVisible = 0;
			defaultConfigurationName = Release;
		};
		9020FDC41A6E321C007C07E9 /* Build configuration list for PBXNativeTarget "VersionCompareTests" */ = {
			isa = XCConfigurationList;
			buildConfigurations = (
				9020FDC51A6E321C007C07E9 /* Debug */,
				9020FDC61A6E321C007C07E9 /* Release */,
			);
			defaultConfigurationIsVisible = 0;
			defaultConfigurationName = Release;
		};
/* End XCConfigurationList section */
	};
	rootObject = 9020FD961A6E321C007C07E9 /* Project object */;
}
